
Microsoft Visual Studio Solution File, Format Version 12.00
# Visual Studio Version 17
VisualStudioVersion = 17.7.34031.279
MinimumVisualStudioVersion = 10.0.40219.1
Project("{888888A0-9F3D-457C-B088-3A5042F75D52}") = "passwordManager", "passwordManager.pyproj", "{6EDB8500-779B-4B54-97DA-B86B97455A8F}"
EndProject
Global
	GlobalSection(SolutionConfigurationPlatforms) = preSolution
		Debug|Any CPU = Debug|Any CPU
		Release|Any CPU = Release|Any CPU
	EndGlobalSection
	GlobalSection(ProjectConfigurationPlatforms) = postSolution
		{6EDB8500-779B-4B54-97DA-B86B97455A8F}.Debug|Any CPU.ActiveCfg = Debug|Any CPU
		{6EDB8500-779B-4B54-97DA-B86B97455A8F}.Debug|Any CPU.Build.0 = Debug|Any CPU
		{6EDB8500-779B-4B54-97DA-B86B97455A8F}.Release|Any CPU.ActiveCfg = Release|Any CPU
		{6EDB8500-779B-4B54-97DA-B86B97455A8F}.Release|Any CPU.Build.0 = Release|Any CPU
	EndGlobalSection
	GlobalSection(SolutionProperties) = preSolution
		HideSolutionNode = FALSE
	EndGlobalSection
	GlobalSection(ExtensibilityGlobals) = postSolution
		SolutionGuid = {562AD977-6D18-4CCD-BD3A-25D3B1D6DD24}
	EndGlobalSection
EndGlobal
